{
  "version": "5",
  "specifiers": {
    "jsr:@std/assert@1.0.19": "1.0.19",
    "jsr:@std/internal@^1.0.12": "1.0.14",
    "npm:@playwright/test@1.63.0": "1.63.0",
    "npm:@tursodatabase/serverless@1.4.0": "1.4.0",
    "npm:playwright@1.63.0": "1.63.0",
    "npm:qrcode-svg@1.1.0": "1.1.0"
  },
  "jsr": {
    "@std/assert@1.0.19": {
      "integrity": "eaada96ee120cb980bc47e040f82814d786fe8162ecc53c91d8df60b8755991e",
      "dependencies": [
        "jsr:@std/internal"
      ]
    },
    "@std/internal@1.0.14": {
      "integrity": "291516b3d4c35024d6ffbc0a9df5bf4c64116e05b50012cf846710152d2ffdf7"
    }
  },
  "npm": {
    "@playwright/test@1.63.0": {
      "integrity": "sha512-oxMK4vllB9RK5NQ2l1pq1IfOf2AvnEuj/vYGDj0H2nMtmtZpKtCwt/l00GEO6xjGfpBNAvjovvYdCm50dRQkpQ==",
      "dependencies": [
        "playwright"
      ],
      "bin": true
    },
    "@tursodatabase/serverless@1.4.0": {
      "integrity": "sha512-ZU3T76NG/E0NTKULqJ9TggJfbdPgRaChOS4HDOu3Srds7w7fSPie7jbPHzz+CLGrxs2TtMYtYB1lH5Bh6q1w7A=="
    },
    "playwright-core@1.63.0": {
      "integrity": "sha512-rYCsBF/M5HjUch52bbtVONEFjv6Xu8sm8h72dNlR5bzIE1fvC/bxgspzkjSfU+MweEMmPM8KJebG6nnyxo5mCg==",
      "bin": true
    },
    "playwright@1.63.0": {
      "integrity": "sha512-+7ziBLidS4NaNCdt57SUDT+wYmmd5fmiQejUic/kb+YsYSCPyOOE9sebzMjNmQrsnNpDJqd4WHvV/8lfKfUDUg==",
      "dependencies": [
        "playwright-core"
      ],
      "bin": true
    },
    "qrcode-svg@1.1.0": {
      "integrity": "sha512-XyQCIXux1zEIA3NPb0AeR8UMYvXZzWEhgdBgBjH9gO7M48H9uoHzviNz8pXw3UzrAcxRRRn9gxHewAVK7bn9qw==",
      "bin": true
    }
  },
  "workspace": {
    "dependencies": [
      "jsr:@std/assert@1.0.19",
      "npm:@playwright/test@1.63.0",
      "npm:@tursodatabase/serverless@1.4.0",
      "npm:qrcode-svg@1.1.0"
    ]
  }
}
